
Microsoft Visual Studio Solution File, Format Version 12.00
# Visual Studio 14
VisualStudioVersion = 14.0.24720.0
MinimumVisualStudioVersion = 10.0.40219.1
Project("{FAE04EC0-301F-11D3-BF4B-00C04F79EFBC}") = "SuperAdventure", "SuperAdventure\SuperAdventure.csproj", "{2A17607F-C196-43F1-BB56-E20E4FD83A55}"
EndProject
Project("{FAE04EC0-301F-11D3-BF4B-00C04F79EFBC}") = "Engine", "Engine\Engine.csproj", "{BD66C54B-3188-44EC-B6D9-EA4A82C52575}"
EndProject
Global
	GlobalSection(SolutionConfigurationPlatforms) = preSolution
		Debug|Any CPU = Debug|Any CPU
		Release|Any CPU = Release|Any CPU
	EndGlobalSection
	GlobalSection(ProjectConfigurationPlatforms) = postSolution
		{2A17607F-C196-43F1-BB56-E20E4FD83A55}.Debug|Any CPU.ActiveCfg = Debug|Any CPU
		{2A17607F-C196-43F1-BB56-E20E4FD83A55}.Debug|Any CPU.Build.0 = Debug|Any CPU
		{2A17607F-C196-43F1-BB56-E20E4FD83A55}.Release|Any CPU.ActiveCfg = Release|Any CPU
		{2A17607F-C196-43F1-BB56-E20E4FD83A55}.Release|Any CPU.Build.0 = Release|Any CPU
		{BD66C54B-3188-44EC-B6D9-EA4A82C52575}.Debug|Any CPU.ActiveCfg = Debug|Any CPU
		{BD66C54B-3188-44EC-B6D9-EA4A82C52575}.Debug|Any CPU.Build.0 = Debug|Any CPU
		{BD66C54B-3188-44EC-B6D9-EA4A82C52575}.Release|Any CPU.ActiveCfg = Release|Any CPU
		{BD66C54B-3188-44EC-B6D9-EA4A82C52575}.Release|Any CPU.Build.0 = Release|Any CPU
	EndGlobalSection
	GlobalSection(SolutionProperties) = preSolution
		HideSolutionNode = FALSE
	EndGlobalSection
EndGlobal
